<?xml version="1.0" encoding="utf-8"?>
<Project ToolsVersion="4.0" xmlns="http://schemas.microsoft.com/developer/msbuild/2003">
  <ItemGroup>
    <Filter Include="Source Files">
      <UniqueIdentifier>{4FC737F1-C7A5-4376-A066-2A32D752A2FF}</UniqueIdentifier>
      <Extensions>cpp;c;cc;cxx;def;odl;idl;hpj;bat;asm;asmx</Extensions>
    </Filter>
    <Filter Include="Header Files">
      <UniqueIdentifier>{93995380-89BD-4b04-88EB-625FBE52EBFB}</UniqueIdentifier>
      <Extensions>h;hh;hpp;hxx;hm;inl;inc;xsd</Extensions>
    </Filter>
    <Filter Include="Resource Files">
      <UniqueIdentifier>{67DA6AB6-F800-4c08-8B7A-83BB121AAD01}</UniqueIdentifier>
      <Extensions>rc;ico;cur;bmp;dlg;rc2;rct;bin;rgs;gif;jpg;jpeg;jpe;resx;tiff;tif;png;wav;mfcribbon-ms</Extensions>
    </Filter>
  </ItemGroup>
  <ItemGroup>
    <Text Include="ReadMe.txt" />
  </ItemGroup>
  <ItemGroup>
    <ClCompile Include="yoda_self_ordering_cn.cpp">
      <Filter>Source Files</Filter>
    </ClCompile>
    <ClCompile Include="stdafx.cpp">
      <Filter>Source Files</Filter>
    </ClCompile>
  </ItemGroup>
  <ItemGroup>
    <ClInclude Include="yoda_self_ordering_cn.h">
      <Filter>Header Files</Filter>
    </ClInclude>
    <ClInclude Include="stdafx.h">
      <Filter>Header Files</Filter>
    </ClInclude>
    <ClInclude Include="targetver.h">
      <Filter>Header Files</Filter>
    </ClInclude>
    <ClInclude Include="Resource.h">
      <Filter>Header Files</Filter>
    </ClInclude>
  </ItemGroup>
  <ItemGroup>
    <None Include="yoda_self_ordering_cn.def">
      <Filter>Source Files</Filter>
    </None>
    <None Include="res\yoda_self_ordering_cn.rc2">
      <Filter>Resource Files</Filter>
    </None>
    <None Include="res\HomePage.visual-bcgsoft" />
    <None Include="res\ice&amp;honey&amp;topping.visual-bcgsoft" />
    <None Include="res\ice&amp;sugar&amp;topping.visual-bcgsoft" />
    <None Include="res\ice&amp;topping.visual-bcgsoft" />
    <None Include="res\onlyTopping.visual-bcgsoft" />
    <None Include="res\order.visual-bcgsoft" />
    <None Include="res\payment.visual-bcgsoft" />
    <None Include="res\Size&amp;Topping.visual-bcgsoft" />
  </ItemGroup>
  <ItemGroup>
    <ResourceCompile Include="yoda_self_ordering_cn.rc">
      <Filter>Resource Files</Filter>
    </ResourceCompile>
  </ItemGroup>
  <ItemGroup>
    <Image Include="resource\1.bmp">
      <Filter>Resource Files</Filter>
    </Image>
    <Image Include="resource\Continue Order.bmp">
      <Filter>Resource Files</Filter>
    </Image>
    <Image Include="resource\Ai Yu.png">
      <Filter>Resource Files</Filter>
    </Image>
    <Image Include="resource\Aleo Vera.png">
      <Filter>Resource Files</Filter>
    </Image>
    <Image Include="resource\arrow_back.png">
      <Filter>Resource Files</Filter>
    </Image>
    <Image Include="resource\arrow_next.png">
      <Filter>Resource Files</Filter>
    </Image>
    <Image Include="resource\Black Pearls.png">
      <Filter>Resource Files</Filter>
    </Image>
    <Image Include="resource\chinese.png">
      <Filter>Resource Files</Filter>
    </Image>
    <Image Include="resource\Coconut Jelly.png">
      <Filter>Resource Files</Filter>
    </Image>
    <Image Include="resource\counter.png">
      <Filter>Resource Files</Filter>
    </Image>
    <Image Include="resource\english.png">
      <Filter>Resource Files</Filter>
    </Image>
    <Image Include="resource\Filtered Ice with cup 64 x 64.png">
      <Filter>Resource Files</Filter>
    </Image>
    <Image Include="resource\Grass Jelly.png">
      <Filter>Resource Files</Filter>
    </Image>
    <Image Include="resource\Green Apple Jelly.png">
      <Filter>Resource Files</Filter>
    </Image>
    <Image Include="resource\HOME.png">
      <Filter>Resource Files</Filter>
    </Image>
    <Image Include="resource\HomePage1.png">
      <Filter>Resource Files</Filter>
    </Image>
    <Image Include="resource\Ice Cream.png">
      <Filter>Resource Files</Filter>
    </Image>
    <Image Include="resource\iPay.png">
      <Filter>Resource Files</Filter>
    </Image>
    <Image Include="resource\Large cup 64x64.png">
      <Filter>Resource Files</Filter>
    </Image>
    <Image Include="resource\Less Ice with cup 64 x 64.png">
      <Filter>Resource Files</Filter>
    </Image>
    <Image Include="resource\Less Ice.png">
      <Filter>Resource Files</Filter>
    </Image>
    <Image Include="resource\MainPage2.png">
      <Filter>Resource Files</Filter>
    </Image>
    <Image Include="resource\Mango Pudding.png">
      <Filter>Resource Files</Filter>
    </Image>
    <Image Include="resource\Medium cup 64x64.png">
      <Filter>Resource Files</Filter>
    </Image>
    <Image Include="resource\More Ice with cup 64 x 64.png">
      <Filter>Resource Files</Filter>
    </Image>
    <Image Include="resource\NET.png">
      <Filter>Resource Files</Filter>
    </Image>
    <Image Include="resource\Normal Ice Green.png">
      <Filter>Resource Files</Filter>
    </Image>
    <Image Include="resource\Normal Ice with cup 64 x 64.png">
      <Filter>Resource Files</Filter>
    </Image>
    <Image Include="resource\Normal Ice.png">
      <Filter>Resource Files</Filter>
    </Image>
    <Image Include="resource\NOTOPPING.png">
      <Filter>Resource Files</Filter>
    </Image>
    <Image Include="resource\Oreo.png">
      <Filter>Resource Files</Filter>
    </Image>
    <Image Include="resource\Red Beans.png">
      <Filter>Resource Files</Filter>
    </Image>
    <Image Include="resource\Room Temperature with cup 64 x 64.png">
      <Filter>Resource Files</Filter>
    </Image>
    <Image Include="resource\Tall cup 64x64.png">
      <Filter>Resource Files</Filter>
    </Image>
    <Image Include="resource\Warm with cup 64 x 64.png">
      <Filter>Resource Files</Filter>
    </Image>
    <Image Include="resource\White Pearls.png">
      <Filter>Resource Files</Filter>
    </Image>
    <Image Include="resource\NETS.png">
      <Filter>Resource Files</Filter>
    </Image>
    <Image Include="resource\All Acceptance.png">
      <Filter>Resource Files</Filter>
    </Image>
    <Image Include="resource\FlashPay.png">
      <Filter>Resource Files</Filter>
    </Image>
    <Image Include="resource\NETS QR.png">
      <Filter>Resource Files</Filter>
    </Image>
    <Image Include="resource\PayFailed.png">
      <Filter>Resource Files</Filter>
    </Image>
  </ItemGroup>
</Project>