<?xml version="1.0" encoding="utf-8"?>
<Project ToolsVersion="4.0" xmlns="http://schemas.microsoft.com/developer/msbuild/2003">
  <ItemGroup>
    <Filter Include="Source Files">
      <UniqueIdentifier>{4FC737F1-C7A5-4376-A066-2A32D752A2FF}</UniqueIdentifier>
      <Extensions>cpp;c;cc;cxx;def;odl;idl;hpj;bat;asm;asmx</Extensions>
    </Filter>
    <Filter Include="Header Files">
      <UniqueIdentifier>{93995380-89BD-4b04-88EB-625FBE52EBFB}</UniqueIdentifier>
      <Extensions>h;hh;hpp;hxx;hm;inl;inc;xsd</Extensions>
    </Filter>
    <Filter Include="Resource Files">
      <UniqueIdentifier>{67DA6AB6-F800-4c08-8B7A-83BB121AAD01}</UniqueIdentifier>
      <Extensions>rc;ico;cur;bmp;dlg;rc2;rct;bin;rgs;gif;jpg;jpeg;jpe;resx;tiff;tif;png;wav;mfcribbon-ms</Extensions>
    </Filter>
    <Filter Include="Source Files\QRCode">
      <UniqueIdentifier>{20afd995-cd25-44a8-9898-78733b786f7a}</UniqueIdentifier>
    </Filter>
    <Filter Include="Header Files\QRCode">
      <UniqueIdentifier>{db0fca39-564c-4b63-8c10-d1a7faf8c4e6}</UniqueIdentifier>
    </Filter>
    <Filter Include="Source Files\API">
      <UniqueIdentifier>{ea20fe71-e940-4283-8885-ab06364c79bf}</UniqueIdentifier>
    </Filter>
  </ItemGroup>
  <ItemGroup>
    <Text Include="ReadMe.txt" />
  </ItemGroup>
  <ItemGroup>
    <ClInclude Include="yoda_self_ordering.h">
      <Filter>Header Files</Filter>
    </ClInclude>
    <ClInclude Include="stdafx.h">
      <Filter>Header Files</Filter>
    </ClInclude>
    <ClInclude Include="MainFrm.h">
      <Filter>Header Files</Filter>
    </ClInclude>
    <ClInclude Include="yoda_self_orderingDoc.h">
      <Filter>Header Files</Filter>
    </ClInclude>
    <ClInclude Include="yoda_self_orderingView.h">
      <Filter>Header Files</Filter>
    </ClInclude>
    <ClInclude Include="Resource.h">
      <Filter>Header Files</Filter>
    </ClInclude>
    <ClInclude Include="Ado.h">
      <Filter>Header Files</Filter>
    </ClInclude>
    <ClInclude Include="AdoCommand.h">
      <Filter>Header Files</Filter>
    </ClInclude>
    <ClInclude Include="AdoRecordSet.h">
      <Filter>Header Files</Filter>
    </ClInclude>
    <ClInclude Include="OrderView.h">
      <Filter>Header Files</Filter>
    </ClInclude>
    <ClInclude Include="ItemTile.h">
      <Filter>Header Files</Filter>
    </ClInclude>
    <ClInclude Include="TeaView.h">
      <Filter>Header Files</Filter>
    </ClInclude>
    <ClInclude Include="HoneyView.h">
      <Filter>Header Files</Filter>
    </ClInclude>
    <ClInclude Include="IceToppingView.h">
      <Filter>Header Files</Filter>
    </ClInclude>
    <ClInclude Include="sizeToppingView.h">
      <Filter>Header Files</Filter>
    </ClInclude>
    <ClInclude Include="ToppingView.h">
      <Filter>Header Files</Filter>
    </ClInclude>
    <ClInclude Include="CashPop.h">
      <Filter>Header Files</Filter>
    </ClInclude>
    <ClInclude Include="PaymentView.h">
      <Filter>Header Files</Filter>
    </ClInclude>
    <ClInclude Include="HomePage.h">
      <Filter>Header Files</Filter>
    </ClInclude>
    <ClInclude Include="printerlibs.h">
      <Filter>Header Files</Filter>
    </ClInclude>
    <ClInclude Include="XInfoTip.h">
      <Filter>Header Files</Filter>
    </ClInclude>
    <ClInclude Include="TipInfo.h">
      <Filter>Header Files</Filter>
    </ClInclude>
    <ClInclude Include="QRCodeDlg.h">
      <Filter>Header Files</Filter>
    </ClInclude>
    <ClInclude Include="LibQREncode\bitstream.h">
      <Filter>Header Files\QRCode</Filter>
    </ClInclude>
    <ClInclude Include="LibQREncode\config.h">
      <Filter>Header Files\QRCode</Filter>
    </ClInclude>
    <ClInclude Include="LibQREncode\mask.h">
      <Filter>Header Files\QRCode</Filter>
    </ClInclude>
    <ClInclude Include="LibQREncode\mmask.h">
      <Filter>Header Files\QRCode</Filter>
    </ClInclude>
    <ClInclude Include="LibQREncode\mqrspec.h">
      <Filter>Header Files\QRCode</Filter>
    </ClInclude>
    <ClInclude Include="LibQREncode\png.h">
      <Filter>Header Files\QRCode</Filter>
    </ClInclude>
    <ClInclude Include="LibQREncode\pngconf.h">
      <Filter>Header Files\QRCode</Filter>
    </ClInclude>
    <ClInclude Include="LibQREncode\pngdebug.h">
      <Filter>Header Files\QRCode</Filter>
    </ClInclude>
    <ClInclude Include="LibQREncode\pnginfo.h">
      <Filter>Header Files\QRCode</Filter>
    </ClInclude>
    <ClInclude Include="LibQREncode\pnglibconf.h">
      <Filter>Header Files\QRCode</Filter>
    </ClInclude>
    <ClInclude Include="LibQREncode\pngpriv.h">
      <Filter>Header Files\QRCode</Filter>
    </ClInclude>
    <ClInclude Include="LibQREncode\pngstruct.h">
      <Filter>Header Files\QRCode</Filter>
    </ClInclude>
    <ClInclude Include="LibQREncode\qrencode.h">
      <Filter>Header Files\QRCode</Filter>
    </ClInclude>
    <ClInclude Include="LibQREncode\qrencode_inner.h">
      <Filter>Header Files\QRCode</Filter>
    </ClInclude>
    <ClInclude Include="LibQREncode\qrinput.h">
      <Filter>Header Files\QRCode</Filter>
    </ClInclude>
    <ClInclude Include="LibQREncode\qrspec.h">
      <Filter>Header Files\QRCode</Filter>
    </ClInclude>
    <ClInclude Include="LibQREncode\rscode.h">
      <Filter>Header Files\QRCode</Filter>
    </ClInclude>
    <ClInclude Include="LibQREncode\split.h">
      <Filter>Header Files\QRCode</Filter>
    </ClInclude>
    <ClInclude Include="SerialPort.h">
      <Filter>Header Files</Filter>
    </ClInclude>
    <ClInclude Include="NETSGuideGif.h">
      <Filter>Header Files</Filter>
    </ClInclude>
    <ClInclude Include="CDXGraph.h">
      <Filter>Header Files</Filter>
    </ClInclude>
    <ClInclude Include="PictureEx.h">
      <Filter>Source Files</Filter>
    </ClInclude>
    <ClInclude Include="PaymentStatusDlg.h">
      <Filter>Header Files</Filter>
    </ClInclude>
    <ClInclude Include="NETSOperation.h">
      <Filter>Header Files</Filter>
    </ClInclude>
    <ClInclude Include="BitmapBtn.h">
      <Filter>Source Files</Filter>
    </ClInclude>
    <ClInclude Include="PngButton.h">
      <Filter>Header Files</Filter>
    </ClInclude>
    <ClInclude Include="NETSLog.h">
      <Filter>Source Files</Filter>
    </ClInclude>
    <ClInclude Include="VoucherList.h">
      <Filter>Header Files</Filter>
    </ClInclude>
    <ClInclude Include="HttpClient.h">
      <Filter>Source Files\API</Filter>
    </ClInclude>
    <ClInclude Include="json_tool.h">
      <Filter>Source Files\API</Filter>
    </ClInclude>
  </ItemGroup>
  <ItemGroup>
    <ClCompile Include="yoda_self_ordering.cpp">
      <Filter>Source Files</Filter>
    </ClCompile>
    <ClCompile Include="stdafx.cpp">
      <Filter>Source Files</Filter>
    </ClCompile>
    <ClCompile Include="MainFrm.cpp">
      <Filter>Source Files</Filter>
    </ClCompile>
    <ClCompile Include="yoda_self_orderingDoc.cpp">
      <Filter>Source Files</Filter>
    </ClCompile>
    <ClCompile Include="yoda_self_orderingView.cpp">
      <Filter>Source Files</Filter>
    </ClCompile>
    <ClCompile Include="Ado.cpp">
      <Filter>Source Files</Filter>
    </ClCompile>
    <ClCompile Include="AdoCommand.cpp">
      <Filter>Source Files</Filter>
    </ClCompile>
    <ClCompile Include="AdoRecordSet.cpp">
      <Filter>Source Files</Filter>
    </ClCompile>
    <ClCompile Include="OrderView.cpp">
      <Filter>Source Files</Filter>
    </ClCompile>
    <ClCompile Include="ItemTile.cpp">
      <Filter>Source Files</Filter>
    </ClCompile>
    <ClCompile Include="TeaView.cpp">
      <Filter>Source Files</Filter>
    </ClCompile>
    <ClCompile Include="HoneyView.cpp">
      <Filter>Source Files</Filter>
    </ClCompile>
    <ClCompile Include="IceToppingView.cpp">
      <Filter>Source Files</Filter>
    </ClCompile>
    <ClCompile Include="sizeToppingView.cpp">
      <Filter>Source Files</Filter>
    </ClCompile>
    <ClCompile Include="ToppingView.cpp">
      <Filter>Source Files</Filter>
    </ClCompile>
    <ClCompile Include="CashPop.cpp">
      <Filter>Source Files</Filter>
    </ClCompile>
    <ClCompile Include="PaymentView.cpp">
      <Filter>Source Files</Filter>
    </ClCompile>
    <ClCompile Include="HomePage.cpp">
      <Filter>Source Files</Filter>
    </ClCompile>
    <ClCompile Include="XInfoTip.cpp">
      <Filter>Source Files</Filter>
    </ClCompile>
    <ClCompile Include="TipInfo.cpp">
      <Filter>Source Files</Filter>
    </ClCompile>
    <ClCompile Include="QRCodeDlg.cpp">
      <Filter>Source Files</Filter>
    </ClCompile>
    <ClCompile Include="LibQREncode\bitstream.c">
      <Filter>Source Files\QRCode</Filter>
    </ClCompile>
    <ClCompile Include="LibQREncode\mask.c">
      <Filter>Source Files\QRCode</Filter>
    </ClCompile>
    <ClCompile Include="LibQREncode\mmask.c">
      <Filter>Source Files\QRCode</Filter>
    </ClCompile>
    <ClCompile Include="LibQREncode\mqrspec.c">
      <Filter>Source Files\QRCode</Filter>
    </ClCompile>
    <ClCompile Include="LibQREncode\qrenc.c">
      <Filter>Source Files\QRCode</Filter>
    </ClCompile>
    <ClCompile Include="LibQREncode\qrencode.c">
      <Filter>Source Files\QRCode</Filter>
    </ClCompile>
    <ClCompile Include="LibQREncode\qrinput.c">
      <Filter>Source Files\QRCode</Filter>
    </ClCompile>
    <ClCompile Include="LibQREncode\qrspec.c">
      <Filter>Source Files\QRCode</Filter>
    </ClCompile>
    <ClCompile Include="LibQREncode\rscode.c">
      <Filter>Source Files\QRCode</Filter>
    </ClCompile>
    <ClCompile Include="LibQREncode\split.c">
      <Filter>Source Files\QRCode</Filter>
    </ClCompile>
    <ClCompile Include="SerialPort.cpp">
      <Filter>Source Files</Filter>
    </ClCompile>
    <ClCompile Include="NETSGuideGif.cpp">
      <Filter>Source Files</Filter>
    </ClCompile>
    <ClCompile Include="CDXGraph.cpp">
      <Filter>Source Files</Filter>
    </ClCompile>
    <ClCompile Include="PictureEx.cpp">
      <Filter>Source Files</Filter>
    </ClCompile>
    <ClCompile Include="PaymentStatusDlg.cpp">
      <Filter>Source Files</Filter>
    </ClCompile>
    <ClCompile Include="NETSOperation.cpp">
      <Filter>Source Files</Filter>
    </ClCompile>
    <ClCompile Include="BitmapBtn.cpp">
      <Filter>Source Files</Filter>
    </ClCompile>
    <ClCompile Include="PngButton.cpp">
      <Filter>Source Files</Filter>
    </ClCompile>
    <ClCompile Include="NETSLog.cpp">
      <Filter>Source Files</Filter>
    </ClCompile>
    <ClCompile Include="VoucherList.cpp">
      <Filter>Source Files</Filter>
    </ClCompile>
    <ClCompile Include="HttpClient.cpp">
      <Filter>Source Files\API</Filter>
    </ClCompile>
    <ClCompile Include="json_reader.cpp">
      <Filter>Source Files\API</Filter>
    </ClCompile>
    <ClCompile Include="json_value.cpp">
      <Filter>Source Files\API</Filter>
    </ClCompile>
    <ClCompile Include="json_writer.cpp">
      <Filter>Source Files\API</Filter>
    </ClCompile>
  </ItemGroup>
  <ItemGroup>
    <ResourceCompile Include="yoda_self_ordering.rc">
      <Filter>Resource Files</Filter>
    </ResourceCompile>
  </ItemGroup>
  <ItemGroup>
    <Image Include="UserImages.png">
      <Filter>Resource Files</Filter>
    </Image>
    <Image Include="res\yoda_self_orderingDoc.ico">
      <Filter>Resource Files</Filter>
    </Image>
    <Image Include="res\yoda_self_ordering.ico">
      <Filter>Resource Files</Filter>
    </Image>
    <Image Include="res\Toolbar.bmp">
      <Filter>Resource Files</Filter>
    </Image>
    <Image Include="resource\Ai Yu.png">
      <Filter>Resource Files</Filter>
    </Image>
    <Image Include="resource\Aleo Vera.png">
      <Filter>Resource Files</Filter>
    </Image>
    <Image Include="resource\BACK.png">
      <Filter>Resource Files</Filter>
    </Image>
    <Image Include="resource\Black Pearls.png">
      <Filter>Resource Files</Filter>
    </Image>
    <Image Include="resource\Coconut Jelly.png">
      <Filter>Resource Files</Filter>
    </Image>
    <Image Include="resource\Grass Jelly.png">
      <Filter>Resource Files</Filter>
    </Image>
    <Image Include="resource\Green Apple Jelly.png">
      <Filter>Resource Files</Filter>
    </Image>
    <Image Include="resource\HOME.png">
      <Filter>Resource Files</Filter>
    </Image>
    <Image Include="resource\Ice Cream.png">
      <Filter>Resource Files</Filter>
    </Image>
    <Image Include="resource\Less Ice.png">
      <Filter>Resource Files</Filter>
    </Image>
    <Image Include="resource\Mango Pudding.png">
      <Filter>Resource Files</Filter>
    </Image>
    <Image Include="resource\More Ice.png">
      <Filter>Resource Files</Filter>
    </Image>
    <Image Include="resource\NEXT.png">
      <Filter>Resource Files</Filter>
    </Image>
    <Image Include="resource\Normal Ice.png">
      <Filter>Resource Files</Filter>
    </Image>
    <Image Include="resource\Oreo.png">
      <Filter>Resource Files</Filter>
    </Image>
    <Image Include="resource\Red Beans.png">
      <Filter>Resource Files</Filter>
    </Image>
    <Image Include="resource\White Pearls.png">
      <Filter>Resource Files</Filter>
    </Image>
    <Image Include="resource\PageBackground.png">
      <Filter>Resource Files</Filter>
    </Image>
    <Image Include="resource\NOTOPPING.png">
      <Filter>Resource Files</Filter>
    </Image>
    <Image Include="resource\Continue Order.bmp">
      <Filter>Resource Files</Filter>
    </Image>
    <Image Include="resource\Large cup.png">
      <Filter>Resource Files</Filter>
    </Image>
    <Image Include="resource\Medium cup.png">
      <Filter>Resource Files</Filter>
    </Image>
    <Image Include="resource\Tall cup.png">
      <Filter>Resource Files</Filter>
    </Image>
    <Image Include="resource\Tall cup 64x64.png">
      <Filter>Resource Files</Filter>
    </Image>
    <Image Include="resource\Large cup 64x64.png">
      <Filter>Resource Files</Filter>
    </Image>
    <Image Include="resource\Medium cup 64x64.png">
      <Filter>Resource Files</Filter>
    </Image>
    <Image Include="resource\Normal Ice Green.png">
      <Filter>Resource Files</Filter>
    </Image>
    <Image Include="resource\Normal Ice with cup.png">
      <Filter>Resource Files</Filter>
    </Image>
    <Image Include="resource\Normal Ice with cup 64 x 64.png">
      <Filter>Resource Files</Filter>
    </Image>
    <Image Include="resource\Filtered Ice with cup 64 x 64.png">
      <Filter>Resource Files</Filter>
    </Image>
    <Image Include="resource\Less Ice with cup 64 x 64.png">
      <Filter>Resource Files</Filter>
    </Image>
    <Image Include="resource\More Ice with cup 64 x 64.png">
      <Filter>Resource Files</Filter>
    </Image>
    <Image Include="resource\Room Temperature with cup 64 x 64.png">
      <Filter>Resource Files</Filter>
    </Image>
    <Image Include="resource\Warm with cup 64 x 64.png">
      <Filter>Resource Files</Filter>
    </Image>
    <Image Include="resource\arrow_back.png">
      <Filter>Resource Files</Filter>
    </Image>
    <Image Include="resource\arrow_next.png">
      <Filter>Resource Files</Filter>
    </Image>
    <Image Include="resource\bitmap2.bmp">
      <Filter>Resource Files</Filter>
    </Image>
    <Image Include="resource\cart.png">
      <Filter>Resource Files</Filter>
    </Image>
    <Image Include="resource\1.png">
      <Filter>Resource Files</Filter>
    </Image>
    <Image Include="resource\1.bmp">
      <Filter>Resource Files</Filter>
    </Image>
    <Image Include="resource\counter.png">
      <Filter>Resource Files</Filter>
    </Image>
    <Image Include="resource\net.png">
      <Filter>Resource Files</Filter>
    </Image>
    <Image Include="resource\iPay.png">
      <Filter>Resource Files</Filter>
    </Image>
    <Image Include="resource\bitmap3.bmp">
      <Filter>Resource Files</Filter>
    </Image>
    <Image Include="resource\bitmap4.bmp">
      <Filter>Resource Files</Filter>
    </Image>
    <Image Include="resource\HomePage1.png">
      <Filter>Resource Files</Filter>
    </Image>
    <Image Include="resource\MainPage2.png">
      <Filter>Resource Files</Filter>
    </Image>
    <Image Include="resource\chinese.png">
      <Filter>Resource Files</Filter>
    </Image>
    <Image Include="resource\english.png">
      <Filter>Resource Files</Filter>
    </Image>
    <Image Include="resource\FlashPay.png">
      <Filter>Resource Files</Filter>
    </Image>
    <Image Include="resource\NETS QR.png">
      <Filter>Resource Files</Filter>
    </Image>
    <Image Include="resource\NETS.png">
      <Filter>Resource Files</Filter>
    </Image>
    <Image Include="resource\ICT250 NETS.gif">
      <Filter>Resource Files</Filter>
    </Image>
    <Image Include="resource\ICT250 NETSFlashPay.gif">
      <Filter>Resource Files</Filter>
    </Image>
    <Image Include="resource\ICT250 NETSQR.gif">
      <Filter>Resource Files</Filter>
    </Image>
    <Image Include="C:\Users\zhang\Desktop\NETS ECR 2 Spec v1.11\NETS ECR 2 Spec v1.11\NETS Payment logos\animation ICT250 GIF\ICT250 NETSFlashPay.gif">
      <Filter>Resource Files</Filter>
    </Image>
    <Image Include="resource\PayFailed.png">
      <Filter>Resource Files</Filter>
    </Image>
    <Image Include="resource\All Acceptance.png">
      <Filter>Resource Files</Filter>
    </Image>
    <Image Include="resource\Success.png">
      <Filter>Resource Files</Filter>
    </Image>
    <Image Include="resource\pay_button.bmp">
      <Filter>Resource Files</Filter>
    </Image>
    <Image Include="resource\pay_button_png.png">
      <Filter>Resource Files</Filter>
    </Image>
    <Image Include="resource\PayCapButton.png">
      <Filter>Resource Files</Filter>
    </Image>
    <Image Include="resource\pay.png">
      <Filter>Resource Files</Filter>
    </Image>
    <Image Include="resource\voucher.png">
      <Filter>Resource Files</Filter>
    </Image>
    <Image Include="resource\FlashPay - Disable.png">
      <Filter>Resource Files</Filter>
    </Image>
    <Image Include="resource\NETS QR - Disable.png">
      <Filter>Resource Files</Filter>
    </Image>
    <Image Include="resource\NETS-Disable.png">
      <Filter>Resource Files</Filter>
    </Image>
    <Image Include="resource\voucherIcon.png">
      <Filter>Resource Files</Filter>
    </Image>
    <Image Include="resource\counter_disable.png">
      <Filter>Resource Files</Filter>
    </Image>
    <Image Include="resource\iPay_Disable.png">
      <Filter>Resource Files</Filter>
    </Image>
    <Image Include="resource\Free.png">
      <Filter>Resource Files</Filter>
    </Image>
    <Image Include="resource\Free_disable.png">
      <Filter>Resource Files</Filter>
    </Image>
  </ItemGroup>
  <ItemGroup>
    <None Include="res\yoda_self_ordering.rc2">
      <Filter>Resource Files</Filter>
    </None>
    <None Include="res\ice&amp;sugar&amp;topping.visual-bcgsoft">
      <Filter>Resource Files</Filter>
    </None>
    <None Include="res\order.visual-bcgsoft">
      <Filter>Resource Files</Filter>
    </None>
    <None Include="res\bcgp_vis.bin">
      <Filter>Resource Files</Filter>
    </None>
    <None Include="res\ice&amp;honey&amp;topping.visual-bcgsoft" />
    <None Include="res\ice&amp;topping.visual-bcgsoft" />
    <None Include="res\Size&amp;Topping.visual-bcgsoft" />
    <None Include="res\onlyTopping.visual-bcgsoft" />
    <None Include="res\payment.visual-bcgsoft" />
    <None Include="res\HomePage.visual-bcgsoft" />
    <None Include="json_valueiterator.inl">
      <Filter>Source Files\API</Filter>
    </None>
  </ItemGroup>
</Project>